// !$*UTF8*$!
{
	archiveVersion = 1;
	classes = {
	};
	objectVersion = 56;
	objects = {

/* Begin PBXBuildFile section */
		DB640A6A28E35B8C009918ED /* TransactionsAndChangesApp.swift in Sources */ = {isa = PBXBuildFile; fileRef = DB640A6928E35B8C009918ED /* TransactionsAndChangesApp.swift */; };
		DB640A6E28E35B8E009918ED /* Assets.xcassets in Resources */ = {isa = PBXBuildFile; fileRef = DB640A6D28E35B8E009918ED /* Assets.xcassets */; };
		DB640A7128E35B8E009918ED /* Preview Assets.xcassets in Resources */ = {isa = PBXBuildFile; fileRef = DB640A7028E35B8E009918ED /* Preview Assets.xcassets */; };
		DB640A7A28E35BF5009918ED /* TransactionsView.swift in Sources */ = {isa = PBXBuildFile; fileRef = DB640A7928E35BF5009918ED /* TransactionsView.swift */; };
		DB640A7E28E35C95009918ED /* Change.swift in Sources */ = {isa = PBXBuildFile; fileRef = DB640A7D28E35C95009918ED /* Change.swift */; };
		DB640A8028E35D15009918ED /* Transaction.swift in Sources */ = {isa = PBXBuildFile; fileRef = DB640A7F28E35D15009918ED /* Transaction.swift */; };
		DB640A8328E35E10009918ED /* Helpers.swift in Sources */ = {isa = PBXBuildFile; fileRef = DB640A8228E35E10009918ED /* Helpers.swift */; };
/* End PBXBuildFile section */

/* Begin PBXFileReference section */
		DB640A6628E35B8C009918ED /* TransactionsAndChanges.app */ = {isa = PBXFileReference; explicitFileType = wrapper.application; includeInIndex = 0; path = TransactionsAndChanges.app; sourceTree = BUILT_PRODUCTS_DIR; };
		DB640A6928E35B8C009918ED /* TransactionsAndChangesApp.swift */ = {isa = PBXFileReference; lastKnownFileType = sourcecode.swift; path = TransactionsAndChangesApp.swift; sourceTree = "<group>"; };
		DB640A6D28E35B8E009918ED /* Assets.xcassets */ = {isa = PBXFileReference; lastKnownFileType = folder.assetcatalog; path = Assets.xcassets; sourceTree = "<group>"; };
		DB640A7028E35B8E009918ED /* Preview Assets.xcassets */ = {isa = PBXFileReference; lastKnownFileType = folder.assetcatalog; path = "Preview Assets.xcassets"; sourceTree = "<group>"; };
		DB640A7928E35BF5009918ED /* TransactionsView.swift */ = {isa = PBXFileReference; lastKnownFileType = sourcecode.swift; path = TransactionsView.swift; sourceTree = "<group>"; };
		DB640A7D28E35C95009918ED /* Change.swift */ = {isa = PBXFileReference; lastKnownFileType = sourcecode.swift; path = Change.swift; sourceTree = "<group>"; };
		DB640A7F28E35D15009918ED /* Transaction.swift */ = {isa = PBXFileReference; lastKnownFileType = sourcecode.swift; path = Transaction.swift; sourceTree = "<group>"; };
		DB640A8228E35E10009918ED /* Helpers.swift */ = {isa = PBXFileReference; lastKnownFileType = sourcecode.swift; path = Helpers.swift; sourceTree = "<group>"; };
/* End PBXFileReference section */

/* Begin PBXFrameworksBuildPhase section */
		DB640A6328E35B8C009918ED /* Frameworks */ = {
			isa = PBXFrameworksBuildPhase;
			buildActionMask = 2147483647;
			files = (
			);
			runOnlyForDeploymentPostprocessing = 0;
		};
/* End PBXFrameworksBuildPhase section */

/* Begin PBXGroup section */
		DB640A5D28E35B8C009918ED = {
			isa = PBXGroup;
			children = (
				DB640A6828E35B8C009918ED /* TransactionsAndChanges */,
				DB640A6728E35B8C009918ED /* Products */,
			);
			sourceTree = "<group>";
		};
		DB640A6728E35B8C009918ED /* Products */ = {
			isa = PBXGroup;
			children = (
				DB640A6628E35B8C009918ED /* TransactionsAndChanges.app */,
			);
			name = Products;
			sourceTree = "<group>";
		};
		DB640A6828E35B8C009918ED /* TransactionsAndChanges */ = {
			isa = PBXGroup;
			children = (
				DB640A6928E35B8C009918ED /* TransactionsAndChangesApp.swift */,
				DB640A7B28E35C58009918ED /* DataModules */,
				DB640A7728E35BC5009918ED /* UseCases */,
				DB640A6D28E35B8E009918ED /* Assets.xcassets */,
				DB640A6F28E35B8E009918ED /* Preview Content */,
			);
			path = TransactionsAndChanges;
			sourceTree = "<group>";
		};
		DB640A6F28E35B8E009918ED /* Preview Content */ = {
			isa = PBXGroup;
			children = (
				DB640A7028E35B8E009918ED /* Preview Assets.xcassets */,
			);
			path = "Preview Content";
			sourceTree = "<group>";
		};
		DB640A7728E35BC5009918ED /* UseCases */ = {
			isa = PBXGroup;
			children = (
				DB640A7828E35BD5009918ED /* Transactions */,
			);
			path = UseCases;
			sourceTree = "<group>";
		};
		DB640A7828E35BD5009918ED /* Transactions */ = {
			isa = PBXGroup;
			children = (
				DB640A7928E35BF5009918ED /* TransactionsView.swift */,
			);
			path = Transactions;
			sourceTree = "<group>";
		};
		DB640A7B28E35C58009918ED /* DataModules */ = {
			isa = PBXGroup;
			children = (
				DB640A8128E35DED009918ED /* Utils */,
				DB640A7C28E35C73009918ED /* Models */,
			);
			path = DataModules;
			sourceTree = "<group>";
		};
		DB640A7C28E35C73009918ED /* Models */ = {
			isa = PBXGroup;
			children = (
				DB640A7D28E35C95009918ED /* Change.swift */,
				DB640A7F28E35D15009918ED /* Transaction.swift */,
			);
			path = Models;
			sourceTree = "<group>";
		};
		DB640A8128E35DED009918ED /* Utils */ = {
			isa = PBXGroup;
			children = (
				DB640A8228E35E10009918ED /* Helpers.swift */,
			);
			path = Utils;
			sourceTree = "<group>";
		};
/* End PBXGroup section */

/* Begin PBXNativeTarget section */
		DB640A6528E35B8C009918ED /* TransactionsAndChanges */ = {
			isa = PBXNativeTarget;
			buildConfigurationList = DB640A7428E35B8E009918ED /* Build configuration list for PBXNativeTarget "TransactionsAndChanges" */;
			buildPhases = (
				DB640A6228E35B8C009918ED /* Sources */,
				DB640A6328E35B8C009918ED /* Frameworks */,
				DB640A6428E35B8C009918ED /* Resources */,
			);
			buildRules = (
			);
			dependencies = (
			);
			name = TransactionsAndChanges;
			productName = TransactionsAndChanges;
			productReference = DB640A6628E35B8C009918ED /* TransactionsAndChanges.app */;
			productType = "com.apple.product-type.application";
		};
/* End PBXNativeTarget section */

/* Begin PBXProject section */
		DB640A5E28E35B8C009918ED /* Project object */ = {
			isa = PBXProject;
			attributes = {
				BuildIndependentTargetsInParallel = 1;
				LastSwiftUpdateCheck = 1400;
				LastUpgradeCheck = 1400;
				TargetAttributes = {
					DB640A6528E35B8C009918ED = {
						CreatedOnToolsVersion = 14.0;
					};
				};
			};
			buildConfigurationList = DB640A6128E35B8C009918ED /* Build configuration list for PBXProject "TransactionsAndChanges" */;
			compatibilityVersion = "Xcode 14.0";
			developmentRegion = en;
			hasScannedForEncodings = 0;
			knownRegions = (
				en,
				Base,
			);
			mainGroup = DB640A5D28E35B8C009918ED;
			productRefGroup = DB640A6728E35B8C009918ED /* Products */;
			projectDirPath = "";
			projectRoot = "";
			targets = (
				DB640A6528E35B8C009918ED /* TransactionsAndChanges */,
			);
		};
/* End PBXProject section */

/* Begin PBXResourcesBuildPhase section */
		DB640A6428E35B8C009918ED /* Resources */ = {
			isa = PBXResourcesBuildPhase;
			buildActionMask = 2147483647;
			files = (
				DB640A7128E35B8E009918ED /* Preview Assets.xcassets in Resources */,
				DB640A6E28E35B8E009918ED /* Assets.xcassets in Resources */,
			);
			runOnlyForDeploymentPostprocessing = 0;
		};
/* End PBXResourcesBuildPhase section */

/* Begin PBXSourcesBuildPhase section */
		DB640A6228E35B8C009918ED /* Sources */ = {
			isa = PBXSourcesBuildPhase;
			buildActionMask = 2147483647;
			files = (
				DB640A6A28E35B8C009918ED /* TransactionsAndChangesApp.swift in Sources */,
				DB640A7A28E35BF5009918ED /* TransactionsView.swift in Sources */,
				DB640A8028E35D15009918ED /* Transaction.swift in Sources */,
				DB640A8328E35E10009918ED /* Helpers.swift in Sources */,
				DB640A7E28E35C95009918ED /* Change.swift in Sources */,
			);
			runOnlyForDeploymentPostprocessing = 0;
		};
/* End PBXSourcesBuildPhase section */

/* Begin XCBuildConfiguration section */
		DB640A7228E35B8E009918ED /* Debug */ = {
			isa = XCBuildConfiguration;
			buildSettings = {
				ALWAYS_SEARCH_USER_PATHS = NO;
				CLANG_ANALYZER_NONNULL = YES;
				CLANG_ANALYZER_NUMBER_OBJECT_CONVERSION = YES_AGGRESSIVE;
				CLANG_CXX_LANGUAGE_STANDARD = "gnu++20";
				CLANG_ENABLE_MODULES = YES;
				CLANG_ENABLE_OBJC_ARC = YES;
				CLANG_ENABLE_OBJC_WEAK = YES;
				CLANG_WARN_BLOCK_CAPTURE_AUTORELEASING = YES;
				CLANG_WARN_BOOL_CONVERSION = YES;
				CLANG_WARN_COMMA = YES;
				CLANG_WARN_CONSTANT_CONVERSION = YES;
				CLANG_WARN_DEPRECATED_OBJC_IMPLEMENTATIONS = YES;
				CLANG_WARN_DIRECT_OBJC_ISA_USAGE = YES_ERROR;
				CLANG_WARN_DOCUMENTATION_COMMENTS = YES;
				CLANG_WARN_EMPTY_BODY = YES;
				CLANG_WARN_ENUM_CONVERSION = YES;
				CLANG_WARN_INFINITE_RECURSION = YES;
				CLANG_WARN_INT_CONVERSION = YES;
				CLANG_WARN_NON_LITERAL_NULL_CONVERSION = YES;
				CLANG_WARN_OBJC_IMPLICIT_RETAIN_SELF = YES;
				CLANG_WARN_OBJC_LITERAL_CONVERSION = YES;
				CLANG_WARN_OBJC_ROOT_CLASS = YES_ERROR;
				CLANG_WARN_QUOTED_INCLUDE_IN_FRAMEWORK_HEADER = YES;
				CLANG_WARN_RANGE_LOOP_ANALYSIS = YES;
				CLANG_WARN_STRICT_PROTOTYPES = YES;
				CLANG_WARN_SUSPICIOUS_MOVE = YES;
				CLANG_WARN_UNGUARDED_AVAILABILITY = YES_AGGRESSIVE;
				CLANG_WARN_UNREACHABLE_CODE = YES;
				CLANG_WARN__DUPLICATE_METHOD_MATCH = YES;
				COPY_PHASE_STRIP = NO;
				DEBUG_INFORMATION_FORMAT = dwarf;
				ENABLE_STRICT_OBJC_MSGSEND = YES;
				ENABLE_TESTABILITY = YES;
				GCC_C_LANGUAGE_STANDARD = gnu11;
				GCC_DYNAMIC_NO_PIC = NO;
				GCC_NO_COMMON_BLOCKS = YES;
				GCC_OPTIMIZATION_LEVEL = 0;
				GCC_PREPROCESSOR_DEFINITIONS = (
					"DEBUG=1",
					"$(inherited)",
				);
				GCC_WARN_64_TO_32_BIT_CONVERSION = YES;
				GCC_WARN_ABOUT_RETURN_TYPE = YES_ERROR;
				GCC_WARN_UNDECLARED_SELECTOR = YES;
				GCC_WARN_UNINITIALIZED_AUTOS = YES_AGGRESSIVE;
				GCC_WARN_UNUSED_FUNCTION = YES;
				GCC_WARN_UNUSED_VARIABLE = YES;
				IPHONEOS_DEPLOYMENT_TARGET = 16.0;
				MTL_ENABLE_DEBUG_INFO = INCLUDE_SOURCE;
				MTL_FAST_MATH = YES;
				ONLY_ACTIVE_ARCH = YES;
				SDKROOT = iphoneos;
				SWIFT_ACTIVE_COMPILATION_CONDITIONS = DEBUG;
				SWIFT_OPTIMIZATION_LEVEL = "-Onone";
			};
			name = Debug;
		};
		DB640A7328E35B8E009918ED /* Release */ = {
			isa = XCBuildConfiguration;
			buildSettings = {
				ALWAYS_SEARCH_USER_PATHS = NO;
				CLANG_ANALYZER_NONNULL = YES;
				CLANG_ANALYZER_NUMBER_OBJECT_CONVERSION = YES_AGGRESSIVE;
				CLANG_CXX_LANGUAGE_STANDARD = "gnu++20";
				CLANG_ENABLE_MODULES = YES;
				CLANG_ENABLE_OBJC_ARC = YES;
				CLANG_ENABLE_OBJC_WEAK = YES;
				CLANG_WARN_BLOCK_CAPTURE_AUTORELEASING = YES;
				CLANG_WARN_BOOL_CONVERSION = YES;
				CLANG_WARN_COMMA = YES;
				CLANG_WARN_CONSTANT_CONVERSION = YES;
				CLANG_WARN_DEPRECATED_OBJC_IMPLEMENTATIONS = YES;
				CLANG_WARN_DIRECT_OBJC_ISA_USAGE = YES_ERROR;
				CLANG_WARN_DOCUMENTATION_COMMENTS = YES;
				CLANG_WARN_EMPTY_BODY = YES;
				CLANG_WARN_ENUM_CONVERSION = YES;
				CLANG_WARN_INFINITE_RECURSION = YES;
				CLANG_WARN_INT_CONVERSION = YES;
				CLANG_WARN_NON_LITERAL_NULL_CONVERSION = YES;
				CLANG_WARN_OBJC_IMPLICIT_RETAIN_SELF = YES;
				CLANG_WARN_OBJC_LITERAL_CONVERSION = YES;
				CLANG_WARN_OBJC_ROOT_CLASS = YES_ERROR;
				CLANG_WARN_QUOTED_INCLUDE_IN_FRAMEWORK_HEADER = YES;
				CLANG_WARN_RANGE_LOOP_ANALYSIS = YES;
				CLANG_WARN_STRICT_PROTOTYPES = YES;
				CLANG_WARN_SUSPICIOUS_MOVE = YES;
				CLANG_WARN_UNGUARDED_AVAILABILITY = YES_AGGRESSIVE;
				CLANG_WARN_UNREACHABLE_CODE = YES;
				CLANG_WARN__DUPLICATE_METHOD_MATCH = YES;
				COPY_PHASE_STRIP = NO;
				DEBUG_INFORMATION_FORMAT = "dwarf-with-dsym";
				ENABLE_NS_ASSERTIONS = NO;
				ENABLE_STRICT_OBJC_MSGSEND = YES;
				GCC_C_LANGUAGE_STANDARD = gnu11;
				GCC_NO_COMMON_BLOCKS = YES;
				GCC_WARN_64_TO_32_BIT_CONVERSION = YES;
				GCC_WARN_ABOUT_RETURN_TYPE = YES_ERROR;
				GCC_WARN_UNDECLARED_SELECTOR = YES;
				GCC_WARN_UNINITIALIZED_AUTOS = YES_AGGRESSIVE;
				GCC_WARN_UNUSED_FUNCTION = YES;
				GCC_WARN_UNUSED_VARIABLE = YES;
				IPHONEOS_DEPLOYMENT_TARGET = 16.0;
				MTL_ENABLE_DEBUG_INFO = NO;
				MTL_FAST_MATH = YES;
				SDKROOT = iphoneos;
				SWIFT_COMPILATION_MODE = wholemodule;
				SWIFT_OPTIMIZATION_LEVEL = "-O";
				VALIDATE_PRODUCT = YES;
			};
			name = Release;
		};
		DB640A7528E35B8E009918ED /* Debug */ = {
			isa = XCBuildConfiguration;
			buildSettings = {
				ASSETCATALOG_COMPILER_APPICON_NAME = AppIcon;
				ASSETCATALOG_COMPILER_GLOBAL_ACCENT_COLOR_NAME = AccentColor;
				CODE_SIGN_STYLE = Automatic;
				CURRENT_PROJECT_VERSION = 1;
				DEVELOPMENT_ASSET_PATHS = "\"TransactionsAndChanges/Preview Content\"";
				DEVELOPMENT_TEAM = 348MZJ2SHN;
				ENABLE_PREVIEWS = YES;
				GENERATE_INFOPLIST_FILE = YES;
				INFOPLIST_KEY_UIApplicationSceneManifest_Generation = YES;
				INFOPLIST_KEY_UIApplicationSupportsIndirectInputEvents = YES;
				INFOPLIST_KEY_UILaunchScreen_Generation = YES;
				INFOPLIST_KEY_UISupportedInterfaceOrientations_iPad = "UIInterfaceOrientationPortrait UIInterfaceOrientationPortraitUpsideDown UIInterfaceOrientationLandscapeLeft UIInterfaceOrientationLandscapeRight";
				INFOPLIST_KEY_UISupportedInterfaceOrientations_iPhone = "UIInterfaceOrientationPortrait UIInterfaceOrientationLandscapeLeft UIInterfaceOrientationLandscapeRight";
				LD_RUNPATH_SEARCH_PATHS = (
					"$(inherited)",
					"@executable_path/Frameworks",
				);
				MARKETING_VERSION = 1.0;
				PRODUCT_BUNDLE_IDENTIFIER = es.osdev.TransactionsAndChanges;
				PRODUCT_NAME = "$(TARGET_NAME)";
				SWIFT_EMIT_LOC_STRINGS = YES;
				SWIFT_VERSION = 5.0;
				TARGETED_DEVICE_FAMILY = "1,2";
			};
			name = Debug;
		};
		DB640A7628E35B8E009918ED /* Release */ = {
			isa = XCBuildConfiguration;
			buildSettings = {
				ASSETCATALOG_COMPILER_APPICON_NAME = AppIcon;
				ASSETCATALOG_COMPILER_GLOBAL_ACCENT_COLOR_NAME = AccentColor;
				CODE_SIGN_STYLE = Automatic;
				CURRENT_PROJECT_VERSION = 1;
				DEVELOPMENT_ASSET_PATHS = "\"TransactionsAndChanges/Preview Content\"";
				DEVELOPMENT_TEAM = 348MZJ2SHN;
				ENABLE_PREVIEWS = YES;
				GENERATE_INFOPLIST_FILE = YES;
				INFOPLIST_KEY_UIApplicationSceneManifest_Generation = YES;
				INFOPLIST_KEY_UIApplicationSupportsIndirectInputEvents = YES;
				INFOPLIST_KEY_UILaunchScreen_Generation = YES;
				INFOPLIST_KEY_UISupportedInterfaceOrientations_iPad = "UIInterfaceOrientationPortrait UIInterfaceOrientationPortraitUpsideDown UIInterfaceOrientationLandscapeLeft UIInterfaceOrientationLandscapeRight";
				INFOPLIST_KEY_UISupportedInterfaceOrientations_iPhone = "UIInterfaceOrientationPortrait UIInterfaceOrientationLandscapeLeft UIInterfaceOrientationLandscapeRight";
				LD_RUNPATH_SEARCH_PATHS = (
					"$(inherited)",
					"@executable_path/Frameworks",
				);
				MARKETING_VERSION = 1.0;
				PRODUCT_BUNDLE_IDENTIFIER = es.osdev.TransactionsAndChanges;
				PRODUCT_NAME = "$(TARGET_NAME)";
				SWIFT_EMIT_LOC_STRINGS = YES;
				SWIFT_VERSION = 5.0;
				TARGETED_DEVICE_FAMILY = "1,2";
			};
			name = Release;
		};
/* End XCBuildConfiguration section */

/* Begin XCConfigurationList section */
		DB640A6128E35B8C009918ED /* Build configuration list for PBXProject "TransactionsAndChanges" */ = {
			isa = XCConfigurationList;
			buildConfigurations = (
				DB640A7228E35B8E009918ED /* Debug */,
				DB640A7328E35B8E009918ED /* Release */,
			);
			defaultConfigurationIsVisible = 0;
			defaultConfigurationName = Release;
		};
		DB640A7428E35B8E009918ED /* Build configuration list for PBXNativeTarget "TransactionsAndChanges" */ = {
			isa = XCConfigurationList;
			buildConfigurations = (
				DB640A7528E35B8E009918ED /* Debug */,
				DB640A7628E35B8E009918ED /* Release */,
			);
			defaultConfigurationIsVisible = 0;
			defaultConfigurationName = Release;
		};
/* End XCConfigurationList section */
	};
	rootObject = DB640A5E28E35B8C009918ED /* Project object */;
}
